
Microsoft Visual Studio Solution File, Format Version 12.00
# Visual Studio Version 17
VisualStudioVersion = 17.11.35303.130
MinimumVisualStudioVersion = 10.0.40219.1
Project("{FAE04EC0-301F-11D3-BF4B-00C04F79EFBC}") = "WpfApp1", "WpfApp1\WpfApp1.csproj", "{A1B3F9C2-D605-4E53-9C6D-4BB15558B756}"
EndProject
Global
	GlobalSection(SolutionConfigurationPlatforms) = preSolution
		Debug|Any CPU = Debug|Any CPU
		Release|Any CPU = Release|Any CPU
	EndGlobalSection
	GlobalSection(ProjectConfigurationPlatforms) = postSolution
		{A1B3F9C2-D605-4E53-9C6D-4BB15558B756}.Debug|Any CPU.ActiveCfg = Debug|Any CPU
		{A1B3F9C2-D605-4E53-9C6D-4BB15558B756}.Debug|Any CPU.Build.0 = Debug|Any CPU
		{A1B3F9C2-D605-4E53-9C6D-4BB15558B756}.Release|Any CPU.ActiveCfg = Release|Any CPU
		{A1B3F9C2-D605-4E53-9C6D-4BB15558B756}.Release|Any CPU.Build.0 = Release|Any CPU
	EndGlobalSection
	GlobalSection(SolutionProperties) = preSolution
		HideSolutionNode = FALSE
	EndGlobalSection
	GlobalSection(ExtensibilityGlobals) = postSolution
		SolutionGuid = {AA4E0E66-6517-4046-B8BF-963A60FA314F}
	EndGlobalSection
EndGlobal
